Microsoft Visual Studio Solution File, Format Version 12.00
# Visual Studio Version 17
VisualStudioVersion = 17.0.31903.59
MinimumVisualStudioVersion = 10.0.40219.1
Project("{9A19103F-16F7-4668-BE54-9A1E7A4F7556}") = "GitHub.Octokit.SDK", "src\GitHub.Octokit.SDK.csproj", "{C118D1F2-D47D-4488-9D2F-88BA4A7729BD}"
EndProject
Project("{2150E333-8FDC-42A3-9474-1A3956D46DE8}") = "Solution Items", "Solution Items", "{15BC8D73-8583-4A91-9355-970404126E9B}"
	ProjectSection(SolutionItems) = preProject
		.editorconfig = .editorconfig
		.gitignore = .gitignore
		LICENSE = LICENSE
		README.md = README.md
	EndProjectSection
EndProject
Project("{FAE04EC0-301F-11D3-BF4B-00C04F79EFBC}") = "Tests", "test\Tests.csproj", "{7EF0200D-9F10-4A77-8F73-3E26D3EBD326}"
EndProject
Global
	GlobalSection(SolutionConfigurationPlatforms) = preSolution
		Debug|Any CPU = Debug|Any CPU
		Release|Any CPU = Release|Any CPU
	EndGlobalSection
	GlobalSection(ProjectConfigurationPlatforms) = postSolution
		{C118D1F2-D47D-4488-9D2F-88BA4A7729BD}.Debug|Any CPU.ActiveCfg = Debug|Any CPU
		{C118D1F2-D47D-4488-9D2F-88BA4A7729BD}.Debug|Any CPU.Build.0 = Debug|Any CPU
		{C118D1F2-D47D-4488-9D2F-88BA4A7729BD}.Release|Any CPU.ActiveCfg = Release|Any CPU
		{C118D1F2-D47D-4488-9D2F-88BA4A7729BD}.Release|Any CPU.Build.0 = Release|Any CPU
		{7EF0200D-9F10-4A77-8F73-3E26D3EBD326}.Debug|Any CPU.ActiveCfg = Debug|Any CPU
		{7EF0200D-9F10-4A77-8F73-3E26D3EBD326}.Debug|Any CPU.Build.0 = Debug|Any CPU
		{7EF0200D-9F10-4A77-8F73-3E26D3EBD326}.Release|Any CPU.ActiveCfg = Release|Any CPU
		{7EF0200D-9F10-4A77-8F73-3E26D3EBD326}.Release|Any CPU.Build.0 = Release|Any CPU
		{3A6900D7-23D6-4AE5-B76A-76A05CD336F1}.Debug|Any CPU.ActiveCfg = Debug|Any CPU
		{3A6900D7-23D6-4AE5-B76A-76A05CD336F1}.Debug|Any CPU.Build.0 = Debug|Any CPU
		{3A6900D7-23D6-4AE5-B76A-76A05CD336F1}.Release|Any CPU.ActiveCfg = Release|Any CPU
		{3A6900D7-23D6-4AE5-B76A-76A05CD336F1}.Release|Any CPU.Build.0 = Release|Any CPU
	EndGlobalSection
	GlobalSection(SolutionProperties) = preSolution
		HideSolutionNode = FALSE
	EndGlobalSection
	GlobalSection(ExtensibilityGlobals) = postSolution
		SolutionGuid = {4D28588D-BC68-4DCD-9DAD-229FC5CB50CC}
	EndGlobalSection
EndGlobal
